
Microsoft Visual Studio Solution File, Format Version 12.00
# Visual Studio Version 17
VisualStudioVersion = 17.3.32922.545
MinimumVisualStudioVersion = 10.0.40219.1
Project("{FAE04EC0-301F-11D3-BF4B-00C04F79EFBC}") = "Proyecto1_web", "Proyecto1_web.csproj", "{27D1AAB1-441D-4E1D-8DC5-C19DC88D79D8}"
EndProject
Global
	GlobalSection(SolutionConfigurationPlatforms) = preSolution
		Debug|Any CPU = Debug|Any CPU
		Release|Any CPU = Release|Any CPU
	EndGlobalSection
	GlobalSection(ProjectConfigurationPlatforms) = postSolution
		{27D1AAB1-441D-4E1D-8DC5-C19DC88D79D8}.Debug|Any CPU.ActiveCfg = Debug|Any CPU
		{27D1AAB1-441D-4E1D-8DC5-C19DC88D79D8}.Debug|Any CPU.Build.0 = Debug|Any CPU
		{27D1AAB1-441D-4E1D-8DC5-C19DC88D79D8}.Release|Any CPU.ActiveCfg = Release|Any CPU
		{27D1AAB1-441D-4E1D-8DC5-C19DC88D79D8}.Release|Any CPU.Build.0 = Release|Any CPU
	EndGlobalSection
	GlobalSection(SolutionProperties) = preSolution
		HideSolutionNode = FALSE
	EndGlobalSection
	GlobalSection(ExtensibilityGlobals) = postSolution
		SolutionGuid = {499AE747-9125-4DBE-8838-B92F5EE0D199}
	EndGlobalSection
EndGlobal
